// !$*UTF8*$!
{
	archiveVersion = 1;
	classes = {
	};
	objectVersion = 52;
	objects = {

/* Begin PBXBuildFile section */
		C103C677257979FC0075DF1B /* RestaurantPhotosView.swift in Sources */ = {isa = PBXBuildFile; fileRef = C103C676257979FC0075DF1B /* RestaurantPhotosView.swift */; };
		C103C67A257A6CD50075DF1B /* Carousel.swift in Sources */ = {isa = PBXBuildFile; fileRef = C103C679257A6CD50075DF1B /* Carousel.swift */; };
		C103C67E257E21330075DF1B /* UsersDetailsView.swift in Sources */ = {isa = PBXBuildFile; fileRef = C103C67D257E21330075DF1B /* UsersDetailsView.swift */; };
		C103C682257E3D4A0075DF1B /* UserDetailsHeaderView.swift in Sources */ = {isa = PBXBuildFile; fileRef = C103C681257E3D4A0075DF1B /* UserDetailsHeaderView.swift */; };
		C165E502256848A200926067 /* DestinationHeaderContainer.swift in Sources */ = {isa = PBXBuildFile; fileRef = C165E501256848A200926067 /* DestinationHeaderContainer.swift */; };
		C165E5072574290300926067 /* RestaurantDetailsView.swift in Sources */ = {isa = PBXBuildFile; fileRef = C165E5062574290300926067 /* RestaurantDetailsView.swift */; };
		C18AE9D825553017006B3BBB /* TravelApp.swift in Sources */ = {isa = PBXBuildFile; fileRef = C18AE9D725553017006B3BBB /* TravelApp.swift */; };
		C18AE9DA25553017006B3BBB /* DiscoverView.swift in Sources */ = {isa = PBXBuildFile; fileRef = C18AE9D925553017006B3BBB /* DiscoverView.swift */; };
		C18AE9DC2555301A006B3BBB /* Assets.xcassets in Resources */ = {isa = PBXBuildFile; fileRef = C18AE9DB2555301A006B3BBB /* Assets.xcassets */; };
		C18AE9DF2555301A006B3BBB /* Preview Assets.xcassets in Resources */ = {isa = PBXBuildFile; fileRef = C18AE9DE2555301A006B3BBB /* Preview Assets.xcassets */; };
		C18AE9ED25583E46006B3BBB /* PopularDestinationsView.swift in Sources */ = {isa = PBXBuildFile; fileRef = C18AE9EC25583E46006B3BBB /* PopularDestinationsView.swift */; };
		C18AE9F025583F0F006B3BBB /* PopularRestaurantsView.swift in Sources */ = {isa = PBXBuildFile; fileRef = C18AE9EF25583F0F006B3BBB /* PopularRestaurantsView.swift */; };
		C18AE9F325583F44006B3BBB /* TrandingCreatorsView.swift in Sources */ = {isa = PBXBuildFile; fileRef = C18AE9F225583F44006B3BBB /* TrandingCreatorsView.swift */; };
		C18AE9F625583F5E006B3BBB /* DiscoverCategoriesView.swift in Sources */ = {isa = PBXBuildFile; fileRef = C18AE9F525583F5E006B3BBB /* DiscoverCategoriesView.swift */; };
		C18AE9FA2558401A006B3BBB /* Destination.swift in Sources */ = {isa = PBXBuildFile; fileRef = C18AE9F92558401A006B3BBB /* Destination.swift */; };
		C18AE9FE25584031006B3BBB /* Restaurant.swift in Sources */ = {isa = PBXBuildFile; fileRef = C18AE9FD25584031006B3BBB /* Restaurant.swift */; };
		C18AEA0125584047006B3BBB /* User.swift in Sources */ = {isa = PBXBuildFile; fileRef = C18AEA0025584047006B3BBB /* User.swift */; };
		C18AEA0425584058006B3BBB /* Category.swift in Sources */ = {isa = PBXBuildFile; fileRef = C18AEA0325584058006B3BBB /* Category.swift */; };
		C18AEA0825584C7B006B3BBB /* TileModifier.swift in Sources */ = {isa = PBXBuildFile; fileRef = C18AEA0725584C7B006B3BBB /* TileModifier.swift */; };
		C18AEA0D25587D7F006B3BBB /* KingfisherSwiftUI in Frameworks */ = {isa = PBXBuildFile; productRef = C18AEA0C25587D7F006B3BBB /* KingfisherSwiftUI */; };
		C18AEA1125587DC6006B3BBB /* SDWebImageSwiftUI in Frameworks */ = {isa = PBXBuildFile; productRef = C18AEA1025587DC6006B3BBB /* SDWebImageSwiftUI */; };
		C18AEA15255880F7006B3BBB /* CategoryDetailView.swift in Sources */ = {isa = PBXBuildFile; fileRef = C18AEA14255880F7006B3BBB /* CategoryDetailView.swift */; };
		C18AEA1925588176006B3BBB /* ActivityIndicatorView.swift in Sources */ = {isa = PBXBuildFile; fileRef = C18AEA1825588176006B3BBB /* ActivityIndicatorView.swift */; };
		C18AEA1C25588199006B3BBB /* Place.swift in Sources */ = {isa = PBXBuildFile; fileRef = C18AEA1B25588199006B3BBB /* Place.swift */; };
/* End PBXBuildFile section */

/* Begin PBXFileReference section */
		C103C676257979FC0075DF1B /* RestaurantPhotosView.swift */ = {isa = PBXFileReference; lastKnownFileType = sourcecode.swift; path = RestaurantPhotosView.swift; sourceTree = "<group>"; };
		C103C679257A6CD50075DF1B /* Carousel.swift */ = {isa = PBXFileReference; lastKnownFileType = sourcecode.swift; path = Carousel.swift; sourceTree = "<group>"; };
		C103C67D257E21330075DF1B /* UsersDetailsView.swift */ = {isa = PBXFileReference; lastKnownFileType = sourcecode.swift; path = UsersDetailsView.swift; sourceTree = "<group>"; };
		C103C681257E3D4A0075DF1B /* UserDetailsHeaderView.swift */ = {isa = PBXFileReference; lastKnownFileType = sourcecode.swift; path = UserDetailsHeaderView.swift; sourceTree = "<group>"; };
		C165E501256848A200926067 /* DestinationHeaderContainer.swift */ = {isa = PBXFileReference; lastKnownFileType = sourcecode.swift; path = DestinationHeaderContainer.swift; sourceTree = "<group>"; };
		C165E5062574290300926067 /* RestaurantDetailsView.swift */ = {isa = PBXFileReference; lastKnownFileType = sourcecode.swift; path = RestaurantDetailsView.swift; sourceTree = "<group>"; };
		C18AE9D425553017006B3BBB /* Travel.app */ = {isa = PBXFileReference; explicitFileType = wrapper.application; includeInIndex = 0; path = Travel.app; sourceTree = BUILT_PRODUCTS_DIR; };
		C18AE9D725553017006B3BBB /* TravelApp.swift */ = {isa = PBXFileReference; lastKnownFileType = sourcecode.swift; path = TravelApp.swift; sourceTree = "<group>"; };
		C18AE9D925553017006B3BBB /* DiscoverView.swift */ = {isa = PBXFileReference; lastKnownFileType = sourcecode.swift; path = DiscoverView.swift; sourceTree = "<group>"; };
		C18AE9DB2555301A006B3BBB /* Assets.xcassets */ = {isa = PBXFileReference; lastKnownFileType = folder.assetcatalog; path = Assets.xcassets; sourceTree = "<group>"; };
		C18AE9DE2555301A006B3BBB /* Preview Assets.xcassets */ = {isa = PBXFileReference; lastKnownFileType = folder.assetcatalog; path = "Preview Assets.xcassets"; sourceTree = "<group>"; };
		C18AE9E02555301A006B3BBB /* Info.plist */ = {isa = PBXFileReference; lastKnownFileType = text.plist.xml; path = Info.plist; sourceTree = "<group>"; };
		C18AE9EC25583E46006B3BBB /* PopularDestinationsView.swift */ = {isa = PBXFileReference; lastKnownFileType = sourcecode.swift; path = PopularDestinationsView.swift; sourceTree = "<group>"; };
		C18AE9EF25583F0F006B3BBB /* PopularRestaurantsView.swift */ = {isa = PBXFileReference; lastKnownFileType = sourcecode.swift; path = PopularRestaurantsView.swift; sourceTree = "<group>"; };
		C18AE9F225583F44006B3BBB /* TrandingCreatorsView.swift */ = {isa = PBXFileReference; lastKnownFileType = sourcecode.swift; path = TrandingCreatorsView.swift; sourceTree = "<group>"; };
		C18AE9F525583F5E006B3BBB /* DiscoverCategoriesView.swift */ = {isa = PBXFileReference; lastKnownFileType = sourcecode.swift; path = DiscoverCategoriesView.swift; sourceTree = "<group>"; };
		C18AE9F92558401A006B3BBB /* Destination.swift */ = {isa = PBXFileReference; lastKnownFileType = sourcecode.swift; path = Destination.swift; sourceTree = "<group>"; };
		C18AE9FD25584031006B3BBB /* Restaurant.swift */ = {isa = PBXFileReference; lastKnownFileType = sourcecode.swift; path = Restaurant.swift; sourceTree = "<group>"; };
		C18AEA0025584047006B3BBB /* User.swift */ = {isa = PBXFileReference; lastKnownFileType = sourcecode.swift; path = User.swift; sourceTree = "<group>"; };
		C18AEA0325584058006B3BBB /* Category.swift */ = {isa = PBXFileReference; lastKnownFileType = sourcecode.swift; path = Category.swift; sourceTree = "<group>"; };
		C18AEA0725584C7B006B3BBB /* TileModifier.swift */ = {isa = PBXFileReference; lastKnownFileType = sourcecode.swift; path = TileModifier.swift; sourceTree = "<group>"; };
		C18AEA14255880F7006B3BBB /* CategoryDetailView.swift */ = {isa = PBXFileReference; lastKnownFileType = sourcecode.swift; path = CategoryDetailView.swift; sourceTree = "<group>"; };
		C18AEA1825588176006B3BBB /* ActivityIndicatorView.swift */ = {isa = PBXFileReference; lastKnownFileType = sourcecode.swift; path = ActivityIndicatorView.swift; sourceTree = "<group>"; };
		C18AEA1B25588199006B3BBB /* Place.swift */ = {isa = PBXFileReference; lastKnownFileType = sourcecode.swift; path = Place.swift; sourceTree = "<group>"; };
/* End PBXFileReference section */

/* Begin PBXFrameworksBuildPhase section */
		C18AE9D125553017006B3BBB /* Frameworks */ = {
			isa = PBXFrameworksBuildPhase;
			buildActionMask = 2147483647;
			files = (
				C18AEA1125587DC6006B3BBB /* SDWebImageSwiftUI in Frameworks */,
				C18AEA0D25587D7F006B3BBB /* KingfisherSwiftUI in Frameworks */,
			);
			runOnlyForDeploymentPostprocessing = 0;
		};
/* End PBXFrameworksBuildPhase section */

/* Begin PBXGroup section */
		C103C67C257E21250075DF1B /* User */ = {
			isa = PBXGroup;
			children = (
				C103C67D257E21330075DF1B /* UsersDetailsView.swift */,
				C103C681257E3D4A0075DF1B /* UserDetailsHeaderView.swift */,
			);
			path = User;
			sourceTree = "<group>";
		};
		C165E5002568487A00926067 /* Destination */ = {
			isa = PBXGroup;
			children = (
				C165E501256848A200926067 /* DestinationHeaderContainer.swift */,
			);
			path = Destination;
			sourceTree = "<group>";
		};
		C165E505257428EE00926067 /* Restaurant */ = {
			isa = PBXGroup;
			children = (
				C165E5062574290300926067 /* RestaurantDetailsView.swift */,
				C103C676257979FC0075DF1B /* RestaurantPhotosView.swift */,
				C103C679257A6CD50075DF1B /* Carousel.swift */,
			);
			path = Restaurant;
			sourceTree = "<group>";
		};
		C18AE9CB25553017006B3BBB = {
			isa = PBXGroup;
			children = (
				C18AE9D625553017006B3BBB /* Travel */,
				C18AE9D525553017006B3BBB /* Products */,
			);
			sourceTree = "<group>";
		};
		C18AE9D525553017006B3BBB /* Products */ = {
			isa = PBXGroup;
			children = (
				C18AE9D425553017006B3BBB /* Travel.app */,
			);
			name = Products;
			sourceTree = "<group>";
		};
		C18AE9D625553017006B3BBB /* Travel */ = {
			isa = PBXGroup;
			children = (
				C18AEA0625584C60006B3BBB /* Utils */,
				C18AE9F825583FFA006B3BBB /* Models */,
				C18AE9E725583C6A006B3BBB /* Discover */,
				C18AE9D725553017006B3BBB /* TravelApp.swift */,
				C18AE9DB2555301A006B3BBB /* Assets.xcassets */,
				C18AE9E02555301A006B3BBB /* Info.plist */,
				C18AE9DD2555301A006B3BBB /* Preview Content */,
			);
			path = Travel;
			sourceTree = "<group>";
		};
		C18AE9DD2555301A006B3BBB /* Preview Content */ = {
			isa = PBXGroup;
			children = (
				C18AE9DE2555301A006B3BBB /* Preview Assets.xcassets */,
			);
			path = "Preview Content";
			sourceTree = "<group>";
		};
		C18AE9E725583C6A006B3BBB /* Discover */ = {
			isa = PBXGroup;
			children = (
				C103C67C257E21250075DF1B /* User */,
				C165E505257428EE00926067 /* Restaurant */,
				C165E5002568487A00926067 /* Destination */,
				C18AEA13255880DF006B3BBB /* Category */,
				C18AE9D925553017006B3BBB /* DiscoverView.swift */,
				C18AE9EC25583E46006B3BBB /* PopularDestinationsView.swift */,
				C18AE9EF25583F0F006B3BBB /* PopularRestaurantsView.swift */,
				C18AE9F225583F44006B3BBB /* TrandingCreatorsView.swift */,
				C18AE9F525583F5E006B3BBB /* DiscoverCategoriesView.swift */,
			);
			path = Discover;
			sourceTree = "<group>";
		};
		C18AE9F825583FFA006B3BBB /* Models */ = {
			isa = PBXGroup;
			children = (
				C18AE9F92558401A006B3BBB /* Destination.swift */,
				C18AE9FD25584031006B3BBB /* Restaurant.swift */,
				C18AEA0025584047006B3BBB /* User.swift */,
				C18AEA0325584058006B3BBB /* Category.swift */,
				C18AEA1B25588199006B3BBB /* Place.swift */,
			);
			path = Models;
			sourceTree = "<group>";
		};
		C18AEA0625584C60006B3BBB /* Utils */ = {
			isa = PBXGroup;
			children = (
				C18AEA0725584C7B006B3BBB /* TileModifier.swift */,
				C18AEA1825588176006B3BBB /* ActivityIndicatorView.swift */,
			);
			path = Utils;
			sourceTree = "<group>";
		};
		C18AEA13255880DF006B3BBB /* Category */ = {
			isa = PBXGroup;
			children = (
				C18AEA14255880F7006B3BBB /* CategoryDetailView.swift */,
			);
			path = Category;
			sourceTree = "<group>";
		};
/* End PBXGroup section */

/* Begin PBXNativeTarget section */
		C18AE9D325553017006B3BBB /* Travel */ = {
			isa = PBXNativeTarget;
			buildConfigurationList = C18AE9E32555301A006B3BBB /* Build configuration list for PBXNativeTarget "Travel" */;
			buildPhases = (
				C18AE9D025553017006B3BBB /* Sources */,
				C18AE9D125553017006B3BBB /* Frameworks */,
				C18AE9D225553017006B3BBB /* Resources */,
			);
			buildRules = (
			);
			dependencies = (
			);
			name = Travel;
			packageProductDependencies = (
				C18AEA0C25587D7F006B3BBB /* KingfisherSwiftUI */,
				C18AEA1025587DC6006B3BBB /* SDWebImageSwiftUI */,
			);
			productName = Travel;
			productReference = C18AE9D425553017006B3BBB /* Travel.app */;
			productType = "com.apple.product-type.application";
		};
/* End PBXNativeTarget section */

/* Begin PBXProject section */
		C18AE9CC25553017006B3BBB /* Project object */ = {
			isa = PBXProject;
			attributes = {
				LastSwiftUpdateCheck = 1210;
				LastUpgradeCheck = 1210;
				TargetAttributes = {
					C18AE9D325553017006B3BBB = {
						CreatedOnToolsVersion = 12.1;
					};
				};
			};
			buildConfigurationList = C18AE9CF25553017006B3BBB /* Build configuration list for PBXProject "Travel" */;
			compatibilityVersion = "Xcode 9.3";
			developmentRegion = en;
			hasScannedForEncodings = 0;
			knownRegions = (
				en,
				Base,
			);
			mainGroup = C18AE9CB25553017006B3BBB;
			packageReferences = (
				C18AEA0B25587D7F006B3BBB /* XCRemoteSwiftPackageReference "Kingfisher" */,
				C18AEA0F25587DC5006B3BBB /* XCRemoteSwiftPackageReference "SDWebImageSwiftUI" */,
			);
			productRefGroup = C18AE9D525553017006B3BBB /* Products */;
			projectDirPath = "";
			projectRoot = "";
			targets = (
				C18AE9D325553017006B3BBB /* Travel */,
			);
		};
/* End PBXProject section */

/* Begin PBXResourcesBuildPhase section */
		C18AE9D225553017006B3BBB /* Resources */ = {
			isa = PBXResourcesBuildPhase;
			buildActionMask = 2147483647;
			files = (
				C18AE9DF2555301A006B3BBB /* Preview Assets.xcassets in Resources */,
				C18AE9DC2555301A006B3BBB /* Assets.xcassets in Resources */,
			);
			runOnlyForDeploymentPostprocessing = 0;
		};
/* End PBXResourcesBuildPhase section */

/* Begin PBXSourcesBuildPhase section */
		C18AE9D025553017006B3BBB /* Sources */ = {
			isa = PBXSourcesBuildPhase;
			buildActionMask = 2147483647;
			files = (
				C165E5072574290300926067 /* RestaurantDetailsView.swift in Sources */,
				C18AE9ED25583E46006B3BBB /* PopularDestinationsView.swift in Sources */,
				C18AEA0825584C7B006B3BBB /* TileModifier.swift in Sources */,
				C18AEA0425584058006B3BBB /* Category.swift in Sources */,
				C18AE9F025583F0F006B3BBB /* PopularRestaurantsView.swift in Sources */,
				C18AE9F325583F44006B3BBB /* TrandingCreatorsView.swift in Sources */,
				C165E502256848A200926067 /* DestinationHeaderContainer.swift in Sources */,
				C18AEA1C25588199006B3BBB /* Place.swift in Sources */,
				C18AE9DA25553017006B3BBB /* DiscoverView.swift in Sources */,
				C18AE9FE25584031006B3BBB /* Restaurant.swift in Sources */,
				C18AEA0125584047006B3BBB /* User.swift in Sources */,
				C103C67E257E21330075DF1B /* UsersDetailsView.swift in Sources */,
				C18AE9D825553017006B3BBB /* TravelApp.swift in Sources */,
				C18AE9F625583F5E006B3BBB /* DiscoverCategoriesView.swift in Sources */,
				C18AE9FA2558401A006B3BBB /* Destination.swift in Sources */,
				C103C682257E3D4A0075DF1B /* UserDetailsHeaderView.swift in Sources */,
				C103C677257979FC0075DF1B /* RestaurantPhotosView.swift in Sources */,
				C103C67A257A6CD50075DF1B /* Carousel.swift in Sources */,
				C18AEA1925588176006B3BBB /* ActivityIndicatorView.swift in Sources */,
				C18AEA15255880F7006B3BBB /* CategoryDetailView.swift in Sources */,
			);
			runOnlyForDeploymentPostprocessing = 0;
		};
/* End PBXSourcesBuildPhase section */

/* Begin XCBuildConfiguration section */
		C18AE9E12555301A006B3BBB /* Debug */ = {
			isa = XCBuildConfiguration;
			buildSettings = {
				ALWAYS_SEARCH_USER_PATHS = NO;
				CLANG_ANALYZER_NONNULL = YES;
				CLANG_ANALYZER_NUMBER_OBJECT_CONVERSION = YES_AGGRESSIVE;
				CLANG_CXX_LANGUAGE_STANDARD = "gnu++14";
				CLANG_CXX_LIBRARY = "libc++";
				CLANG_ENABLE_MODULES = YES;
				CLANG_ENABLE_OBJC_ARC = YES;
				CLANG_ENABLE_OBJC_WEAK = YES;
				CLANG_WARN_BLOCK_CAPTURE_AUTORELEASING = YES;
				CLANG_WARN_BOOL_CONVERSION = YES;
				CLANG_WARN_COMMA = YES;
				CLANG_WARN_CONSTANT_CONVERSION = YES;
				CLANG_WARN_DEPRECATED_OBJC_IMPLEMENTATIONS = YES;
				CLANG_WARN_DIRECT_OBJC_ISA_USAGE = YES_ERROR;
				CLANG_WARN_DOCUMENTATION_COMMENTS = YES;
				CLANG_WARN_EMPTY_BODY = YES;
				CLANG_WARN_ENUM_CONVERSION = YES;
				CLANG_WARN_INFINITE_RECURSION = YES;
				CLANG_WARN_INT_CONVERSION = YES;
				CLANG_WARN_NON_LITERAL_NULL_CONVERSION = YES;
				CLANG_WARN_OBJC_IMPLICIT_RETAIN_SELF = YES;
				CLANG_WARN_OBJC_LITERAL_CONVERSION = YES;
				CLANG_WARN_OBJC_ROOT_CLASS = YES_ERROR;
				CLANG_WARN_QUOTED_INCLUDE_IN_FRAMEWORK_HEADER = YES;
				CLANG_WARN_RANGE_LOOP_ANALYSIS = YES;
				CLANG_WARN_STRICT_PROTOTYPES = YES;
				CLANG_WARN_SUSPICIOUS_MOVE = YES;
				CLANG_WARN_UNGUARDED_AVAILABILITY = YES_AGGRESSIVE;
				CLANG_WARN_UNREACHABLE_CODE = YES;
				CLANG_WARN__DUPLICATE_METHOD_MATCH = YES;
				COPY_PHASE_STRIP = NO;
				DEBUG_INFORMATION_FORMAT = dwarf;
				ENABLE_STRICT_OBJC_MSGSEND = YES;
				ENABLE_TESTABILITY = YES;
				GCC_C_LANGUAGE_STANDARD = gnu11;
				GCC_DYNAMIC_NO_PIC = NO;
				GCC_NO_COMMON_BLOCKS = YES;
				GCC_OPTIMIZATION_LEVEL = 0;
				GCC_PREPROCESSOR_DEFINITIONS = (
					"DEBUG=1",
					"$(inherited)",
				);
				GCC_WARN_64_TO_32_BIT_CONVERSION = YES;
				GCC_WARN_ABOUT_RETURN_TYPE = YES_ERROR;
				GCC_WARN_UNDECLARED_SELECTOR = YES;
				GCC_WARN_UNINITIALIZED_AUTOS = YES_AGGRESSIVE;
				GCC_WARN_UNUSED_FUNCTION = YES;
				GCC_WARN_UNUSED_VARIABLE = YES;
				IPHONEOS_DEPLOYMENT_TARGET = 14.1;
				MTL_ENABLE_DEBUG_INFO = INCLUDE_SOURCE;
				MTL_FAST_MATH = YES;
				ONLY_ACTIVE_ARCH = YES;
				SDKROOT = iphoneos;
				SWIFT_ACTIVE_COMPILATION_CONDITIONS = DEBUG;
				SWIFT_OPTIMIZATION_LEVEL = "-Onone";
			};
			name = Debug;
		};
		C18AE9E22555301A006B3BBB /* Release */ = {
			isa = XCBuildConfiguration;
			buildSettings = {
				ALWAYS_SEARCH_USER_PATHS = NO;
				CLANG_ANALYZER_NONNULL = YES;
				CLANG_ANALYZER_NUMBER_OBJECT_CONVERSION = YES_AGGRESSIVE;
				CLANG_CXX_LANGUAGE_STANDARD = "gnu++14";
				CLANG_CXX_LIBRARY = "libc++";
				CLANG_ENABLE_MODULES = YES;
				CLANG_ENABLE_OBJC_ARC = YES;
				CLANG_ENABLE_OBJC_WEAK = YES;
				CLANG_WARN_BLOCK_CAPTURE_AUTORELEASING = YES;
				CLANG_WARN_BOOL_CONVERSION = YES;
				CLANG_WARN_COMMA = YES;
				CLANG_WARN_CONSTANT_CONVERSION = YES;
				CLANG_WARN_DEPRECATED_OBJC_IMPLEMENTATIONS = YES;
				CLANG_WARN_DIRECT_OBJC_ISA_USAGE = YES_ERROR;
				CLANG_WARN_DOCUMENTATION_COMMENTS = YES;
				CLANG_WARN_EMPTY_BODY = YES;
				CLANG_WARN_ENUM_CONVERSION = YES;
				CLANG_WARN_INFINITE_RECURSION = YES;
				CLANG_WARN_INT_CONVERSION = YES;
				CLANG_WARN_NON_LITERAL_NULL_CONVERSION = YES;
				CLANG_WARN_OBJC_IMPLICIT_RETAIN_SELF = YES;
				CLANG_WARN_OBJC_LITERAL_CONVERSION = YES;
				CLANG_WARN_OBJC_ROOT_CLASS = YES_ERROR;
				CLANG_WARN_QUOTED_INCLUDE_IN_FRAMEWORK_HEADER = YES;
				CLANG_WARN_RANGE_LOOP_ANALYSIS = YES;
				CLANG_WARN_STRICT_PROTOTYPES = YES;
				CLANG_WARN_SUSPICIOUS_MOVE = YES;
				CLANG_WARN_UNGUARDED_AVAILABILITY = YES_AGGRESSIVE;
				CLANG_WARN_UNREACHABLE_CODE = YES;
				CLANG_WARN__DUPLICATE_METHOD_MATCH = YES;
				COPY_PHASE_STRIP = NO;
				DEBUG_INFORMATION_FORMAT = "dwarf-with-dsym";
				ENABLE_NS_ASSERTIONS = NO;
				ENABLE_STRICT_OBJC_MSGSEND = YES;
				GCC_C_LANGUAGE_STANDARD = gnu11;
				GCC_NO_COMMON_BLOCKS = YES;
				GCC_WARN_64_TO_32_BIT_CONVERSION = YES;
				GCC_WARN_ABOUT_RETURN_TYPE = YES_ERROR;
				GCC_WARN_UNDECLARED_SELECTOR = YES;
				GCC_WARN_UNINITIALIZED_AUTOS = YES_AGGRESSIVE;
				GCC_WARN_UNUSED_FUNCTION = YES;
				GCC_WARN_UNUSED_VARIABLE = YES;
				IPHONEOS_DEPLOYMENT_TARGET = 14.1;
				MTL_ENABLE_DEBUG_INFO = NO;
				MTL_FAST_MATH = YES;
				SDKROOT = iphoneos;
				SWIFT_COMPILATION_MODE = wholemodule;
				SWIFT_OPTIMIZATION_LEVEL = "-O";
				VALIDATE_PRODUCT = YES;
			};
			name = Release;
		};
		C18AE9E42555301A006B3BBB /* Debug */ = {
			isa = XCBuildConfiguration;
			buildSettings = {
				ASSETCATALOG_COMPILER_APPICON_NAME = AppIcon;
				ASSETCATALOG_COMPILER_GLOBAL_ACCENT_COLOR_NAME = AccentColor;
				CODE_SIGN_STYLE = Automatic;
				DEVELOPMENT_ASSET_PATHS = "\"Travel/Preview Content\"";
				ENABLE_PREVIEWS = YES;
				INFOPLIST_FILE = Travel/Info.plist;
				IPHONEOS_DEPLOYMENT_TARGET = 14.0;
				LD_RUNPATH_SEARCH_PATHS = (
					"$(inherited)",
					"@executable_path/Frameworks",
				);
				PRODUCT_BUNDLE_IDENTIFIER = ru.rvs.Travel;
				PRODUCT_NAME = "$(TARGET_NAME)";
				SWIFT_VERSION = 5.0;
				TARGETED_DEVICE_FAMILY = "1,2";
			};
			name = Debug;
		};
		C18AE9E52555301A006B3BBB /* Release */ = {
			isa = XCBuildConfiguration;
			buildSettings = {
				ASSETCATALOG_COMPILER_APPICON_NAME = AppIcon;
				ASSETCATALOG_COMPILER_GLOBAL_ACCENT_COLOR_NAME = AccentColor;
				CODE_SIGN_STYLE = Automatic;
				DEVELOPMENT_ASSET_PATHS = "\"Travel/Preview Content\"";
				ENABLE_PREVIEWS = YES;
				INFOPLIST_FILE = Travel/Info.plist;
				IPHONEOS_DEPLOYMENT_TARGET = 14.0;
				LD_RUNPATH_SEARCH_PATHS = (
					"$(inherited)",
					"@executable_path/Frameworks",
				);
				PRODUCT_BUNDLE_IDENTIFIER = ru.rvs.Travel;
				PRODUCT_NAME = "$(TARGET_NAME)";
				SWIFT_VERSION = 5.0;
				TARGETED_DEVICE_FAMILY = "1,2";
			};
			name = Release;
		};
/* End XCBuildConfiguration section */

/* Begin XCConfigurationList section */
		C18AE9CF25553017006B3BBB /* Build configuration list for PBXProject "Travel" */ = {
			isa = XCConfigurationList;
			buildConfigurations = (
				C18AE9E12555301A006B3BBB /* Debug */,
				C18AE9E22555301A006B3BBB /* Release */,
			);
			defaultConfigurationIsVisible = 0;
			defaultConfigurationName = Release;
		};
		C18AE9E32555301A006B3BBB /* Build configuration list for PBXNativeTarget "Travel" */ = {
			isa = XCConfigurationList;
			buildConfigurations = (
				C18AE9E42555301A006B3BBB /* Debug */,
				C18AE9E52555301A006B3BBB /* Release */,
			);
			defaultConfigurationIsVisible = 0;
			defaultConfigurationName = Release;
		};
/* End XCConfigurationList section */

/* Begin XCRemoteSwiftPackageReference section */
		C18AEA0B25587D7F006B3BBB /* XCRemoteSwiftPackageReference "Kingfisher" */ = {
			isa = XCRemoteSwiftPackageReference;
			repositoryURL = "https://github.com/onevcat/Kingfisher";
			requirement = {
				kind = upToNextMajorVersion;
				minimumVersion = 5.15.7;
			};
		};
		C18AEA0F25587DC5006B3BBB /* XCRemoteSwiftPackageReference "SDWebImageSwiftUI" */ = {
			isa = XCRemoteSwiftPackageReference;
			repositoryURL = "https://github.com/SDWebImage/SDWebImageSwiftUI";
			requirement = {
				kind = upToNextMajorVersion;
				minimumVersion = 1.5.0;
			};
		};
/* End XCRemoteSwiftPackageReference section */

/* Begin XCSwiftPackageProductDependency section */
		C18AEA0C25587D7F006B3BBB /* KingfisherSwiftUI */ = {
			isa = XCSwiftPackageProductDependency;
			package = C18AEA0B25587D7F006B3BBB /* XCRemoteSwiftPackageReference "Kingfisher" */;
			productName = KingfisherSwiftUI;
		};
		C18AEA1025587DC6006B3BBB /* SDWebImageSwiftUI */ = {
			isa = XCSwiftPackageProductDependency;
			package = C18AEA0F25587DC5006B3BBB /* XCRemoteSwiftPackageReference "SDWebImageSwiftUI" */;
			productName = SDWebImageSwiftUI;
		};
/* End XCSwiftPackageProductDependency section */
	};
	rootObject = C18AE9CC25553017006B3BBB /* Project object */;
}
